<?xml version="1.0" encoding="utf-8"?>
<Project ToolsVersion="4.0" xmlns="http://schemas.microsoft.com/developer/msbuild/2003">
  <ItemGroup>
    <Filter Include="소스 파일">
      <UniqueIdentifier>{4FC737F1-C7A5-4376-A066-2A32D752A2FF}</UniqueIdentifier>
      <Extensions>cpp;c;cc;cxx;def;odl;idl;hpj;bat;asm;asmx</Extensions>
    </Filter>
    <Filter Include="헤더 파일">
      <UniqueIdentifier>{93995380-89BD-4b04-88EB-625FBE52EBFB}</UniqueIdentifier>
      <Extensions>h;hh;hpp;hxx;hm;inl;inc;xsd</Extensions>
    </Filter>
    <Filter Include="리소스 파일">
      <UniqueIdentifier>{67DA6AB6-F800-4c08-8B7A-83BB121AAD01}</UniqueIdentifier>
      <Extensions>rc;ico;cur;bmp;dlg;rc2;rct;bin;rgs;gif;jpg;jpeg;jpe;resx;tiff;tif;png;wav;mfcribbon-ms</Extensions>
    </Filter>
    <Filter Include="리소스 파일\img">
      <UniqueIdentifier>{4d69f241-e2b3-4505-9ee6-de4ea0a49df6}</UniqueIdentifier>
    </Filter>
    <Filter Include="리소스 파일\img\icon">
      <UniqueIdentifier>{2858704f-8232-4c59-b721-a13dbd469842}</UniqueIdentifier>
    </Filter>
  </ItemGroup>
  <ItemGroup>
    <Text Include="ReadMe.txt" />
  </ItemGroup>
  <ItemGroup>
    <ClInclude Include="MrTraveler.h">
      <Filter>헤더 파일</Filter>
    </ClInclude>
    <ClInclude Include="stdafx.h">
      <Filter>헤더 파일</Filter>
    </ClInclude>
    <ClInclude Include="targetver.h">
      <Filter>헤더 파일</Filter>
    </ClInclude>
    <ClInclude Include="MainFrm.h">
      <Filter>헤더 파일</Filter>
    </ClInclude>
    <ClInclude Include="MrTravelerDoc.h">
      <Filter>헤더 파일</Filter>
    </ClInclude>
    <ClInclude Include="MrTravelerView.h">
      <Filter>헤더 파일</Filter>
    </ClInclude>
    <ClInclude Include="Resource.h">
      <Filter>헤더 파일</Filter>
    </ClInclude>
    <ClInclude Include="MrTravelerParceHtml.h">
      <Filter>헤더 파일</Filter>
    </ClInclude>
    <ClInclude Include="json\json.h">
      <Filter>헤더 파일</Filter>
    </ClInclude>
    <ClInclude Include="json\json-forwards.h">
      <Filter>헤더 파일</Filter>
    </ClInclude>
    <ClInclude Include="DrawView.h">
      <Filter>헤더 파일</Filter>
    </ClInclude>
    <ClInclude Include="TodoListView.h">
      <Filter>헤더 파일</Filter>
    </ClInclude>
    <ClInclude Include="ScheduleView.h">
      <Filter>헤더 파일</Filter>
    </ClInclude>
    <ClInclude Include="CalendarView.h">
      <Filter>헤더 파일</Filter>
    </ClInclude>
    <ClInclude Include="TodoData.h">
      <Filter>헤더 파일</Filter>
    </ClInclude>
    <ClInclude Include="PlanData.h">
      <Filter>헤더 파일</Filter>
    </ClInclude>
    <ClInclude Include="Util.h">
      <Filter>헤더 파일</Filter>
    </ClInclude>
    <ClInclude Include="PlanDlg.h">
      <Filter>헤더 파일</Filter>
    </ClInclude>
    <ClInclude Include="InfoVIew.h">
      <Filter>헤더 파일</Filter>
    </ClInclude>
    <ClInclude Include="CWebBrowser2.h">
      <Filter>헤더 파일</Filter>
    </ClInclude>
    <ClInclude Include="AccountBookView.h">
      <Filter>헤더 파일</Filter>
    </ClInclude>
    <ClInclude Include="AccountData.h">
      <Filter>헤더 파일</Filter>
    </ClInclude>
    <ClInclude Include="AccountBookDlg.h">
      <Filter>헤더 파일</Filter>
    </ClInclude>
    <ClInclude Include="TodoDlg.h">
      <Filter>헤더 파일</Filter>
    </ClInclude>
    <ClInclude Include="ManageData.h">
      <Filter>헤더 파일</Filter>
    </ClInclude>
  </ItemGroup>
  <ItemGroup>
    <ClCompile Include="MrTraveler.cpp">
      <Filter>소스 파일</Filter>
    </ClCompile>
    <ClCompile Include="stdafx.cpp">
      <Filter>소스 파일</Filter>
    </ClCompile>
    <ClCompile Include="MainFrm.cpp">
      <Filter>소스 파일</Filter>
    </ClCompile>
    <ClCompile Include="MrTravelerDoc.cpp">
      <Filter>소스 파일</Filter>
    </ClCompile>
    <ClCompile Include="MrTravelerView.cpp">
      <Filter>소스 파일</Filter>
    </ClCompile>
    <ClCompile Include="MrTravelerParceHtml.cpp">
      <Filter>소스 파일</Filter>
    </ClCompile>
    <ClCompile Include="jsoncpp.cpp">
      <Filter>소스 파일</Filter>
    </ClCompile>
    <ClCompile Include="DrawView.cpp">
      <Filter>소스 파일</Filter>
    </ClCompile>
    <ClCompile Include="TodoListView.cpp">
      <Filter>소스 파일</Filter>
    </ClCompile>
    <ClCompile Include="ScheduleView.cpp">
      <Filter>소스 파일</Filter>
    </ClCompile>
    <ClCompile Include="CalendarView.cpp">
      <Filter>소스 파일</Filter>
    </ClCompile>
    <ClCompile Include="TodoData.cpp">
      <Filter>소스 파일</Filter>
    </ClCompile>
    <ClCompile Include="PlanData.cpp">
      <Filter>소스 파일</Filter>
    </ClCompile>
    <ClCompile Include="Util.cpp">
      <Filter>소스 파일</Filter>
    </ClCompile>
    <ClCompile Include="PlanDlg.cpp">
      <Filter>소스 파일</Filter>
    </ClCompile>
    <ClCompile Include="InfoVIew.cpp">
      <Filter>소스 파일</Filter>
    </ClCompile>
    <ClCompile Include="CWebBrowser2.cpp">
      <Filter>소스 파일</Filter>
    </ClCompile>
    <ClCompile Include="AccountBookView.cpp">
      <Filter>소스 파일</Filter>
    </ClCompile>
    <ClCompile Include="AccountData.cpp">
      <Filter>소스 파일</Filter>
    </ClCompile>
    <ClCompile Include="AccountBookDlg.cpp">
      <Filter>소스 파일</Filter>
    </ClCompile>
    <ClCompile Include="TodoDlg.cpp">
      <Filter>소스 파일</Filter>
    </ClCompile>
    <ClCompile Include="ManageData.cpp">
      <Filter>소스 파일</Filter>
    </ClCompile>
  </ItemGroup>
  <ItemGroup>
    <ResourceCompile Include="MrTraveler.rc">
      <Filter>리소스 파일</Filter>
    </ResourceCompile>
  </ItemGroup>
  <ItemGroup>
    <None Include="res\MrTraveler.rc2">
      <Filter>리소스 파일</Filter>
    </None>
    <None Include="ClassDiagram.cd" />
    <None Include="GoogleMap.htm" />
  </ItemGroup>
  <ItemGroup>
    <Image Include="res\MrTravelerDoc.ico">
      <Filter>리소스 파일</Filter>
    </Image>
    <Image Include="res\MrTraveler.ico">
      <Filter>리소스 파일</Filter>
    </Image>
    <Image Include="res\Toolbar.bmp">
      <Filter>리소스 파일</Filter>
    </Image>
    <Image Include="img\LeftArrow.png">
      <Filter>리소스 파일\img</Filter>
    </Image>
    <Image Include="img\RightArrow.png">
      <Filter>리소스 파일\img</Filter>
    </Image>
    <Image Include="res\bitmap1.bmp">
      <Filter>리소스 파일</Filter>
    </Image>
    <Image Include="img\scheduleLeftArrow.png">
      <Filter>리소스 파일\img</Filter>
    </Image>
    <Image Include="img\scheduleRightArrow.png">
      <Filter>리소스 파일\img</Filter>
    </Image>
    <Image Include="img\MrTraveler.bmp">
      <Filter>리소스 파일</Filter>
    </Image>
    <Image Include="img\LeftArrow.bmp">
      <Filter>리소스 파일</Filter>
    </Image>
    <Image Include="img\RightArrow.bmp">
      <Filter>리소스 파일</Filter>
    </Image>
    <Image Include="img\scheduleLeftArrow.bmp">
      <Filter>리소스 파일</Filter>
    </Image>
    <Image Include="img\scheduleRightArrow.bmp">
      <Filter>리소스 파일</Filter>
    </Image>
    <Image Include="img\icon\icon1.bmp">
      <Filter>리소스 파일</Filter>
    </Image>
    <Image Include="img\icon\icon2.bmp">
      <Filter>리소스 파일</Filter>
    </Image>
    <Image Include="img\icon\icon3.bmp">
      <Filter>리소스 파일</Filter>
    </Image>
    <Image Include="img\icon\icon4.bmp">
      <Filter>리소스 파일</Filter>
    </Image>
    <Image Include="img\icon\icon5.bmp">
      <Filter>리소스 파일</Filter>
    </Image>
    <Image Include="img\icon\bitmap1.bmp">
      <Filter>리소스 파일</Filter>
    </Image>
  </ItemGroup>
</Project>